// !$*UTF8*$!
{
	archiveVersion = 1;
	classes = {
	};
	objectVersion = 46;
	objects = {

/* Begin PBXBuildFile section */
		974694701A7D87D300011A07 /* GameOver.m in Sources */ = {isa = PBXBuildFile; fileRef = 9746946F1A7D87D300011A07 /* GameOver.m */; };
		97EE54071A7D6B6B00018DFC /* main.m in Sources */ = {isa = PBXBuildFile; fileRef = 97EE54061A7D6B6B00018DFC /* main.m */; };
		97EE540A1A7D6B6B00018DFC /* AppDelegate.m in Sources */ = {isa = PBXBuildFile; fileRef = 97EE54091A7D6B6B00018DFC /* AppDelegate.m */; };
		97EE540D1A7D6B6B00018DFC /* GameScene.m in Sources */ = {isa = PBXBuildFile; fileRef = 97EE540C1A7D6B6B00018DFC /* GameScene.m */; };
		97EE540F1A7D6B6B00018DFC /* GameScene.sks in Resources */ = {isa = PBXBuildFile; fileRef = 97EE540E1A7D6B6B00018DFC /* GameScene.sks */; };
		97EE54121A7D6B6B00018DFC /* GameViewController.m in Sources */ = {isa = PBXBuildFile; fileRef = 97EE54111A7D6B6B00018DFC /* GameViewController.m */; };
		97EE54151A7D6B6B00018DFC /* Main.storyboard in Resources */ = {isa = PBXBuildFile; fileRef = 97EE54131A7D6B6B00018DFC /* Main.storyboard */; };
		97EE54171A7D6B6B00018DFC /* Images.xcassets in Resources */ = {isa = PBXBuildFile; fileRef = 97EE54161A7D6B6B00018DFC /* Images.xcassets */; };
		97EE541A1A7D6B6B00018DFC /* LaunchScreen.xib in Resources */ = {isa = PBXBuildFile; fileRef = 97EE54181A7D6B6B00018DFC /* LaunchScreen.xib */; };
		97EE54261A7D6B6C00018DFC /* SpaceshipTests.m in Sources */ = {isa = PBXBuildFile; fileRef = 97EE54251A7D6B6C00018DFC /* SpaceshipTests.m */; };
/* End PBXBuildFile section */

/* Begin PBXContainerItemProxy section */
		97EE54201A7D6B6C00018DFC /* PBXContainerItemProxy */ = {
			isa = PBXContainerItemProxy;
			containerPortal = 97EE53F91A7D6B6B00018DFC /* Project object */;
			proxyType = 1;
			remoteGlobalIDString = 97EE54001A7D6B6B00018DFC;
			remoteInfo = Spaceship;
		};
/* End PBXContainerItemProxy section */

/* Begin PBXFileReference section */
		9746946E1A7D87D300011A07 /* GameOver.h */ = {isa = PBXFileReference; fileEncoding = 4; lastKnownFileType = sourcecode.c.h; path = GameOver.h; sourceTree = "<group>"; };
		9746946F1A7D87D300011A07 /* GameOver.m */ = {isa = PBXFileReference; fileEncoding = 4; lastKnownFileType = sourcecode.c.objc; path = GameOver.m; sourceTree = "<group>"; };
		97EE54011A7D6B6B00018DFC /* Spaceship.app */ = {isa = PBXFileReference; explicitFileType = wrapper.application; includeInIndex = 0; path = Spaceship.app; sourceTree = BUILT_PRODUCTS_DIR; };
		97EE54051A7D6B6B00018DFC /* Info.plist */ = {isa = PBXFileReference; lastKnownFileType = text.plist.xml; path = Info.plist; sourceTree = "<group>"; };
		97EE54061A7D6B6B00018DFC /* main.m */ = {isa = PBXFileReference; lastKnownFileType = sourcecode.c.objc; path = main.m; sourceTree = "<group>"; };
		97EE54081A7D6B6B00018DFC /* AppDelegate.h */ = {isa = PBXFileReference; lastKnownFileType = sourcecode.c.h; path = AppDelegate.h; sourceTree = "<group>"; };
		97EE54091A7D6B6B00018DFC /* AppDelegate.m */ = {isa = PBXFileReference; lastKnownFileType = sourcecode.c.objc; path = AppDelegate.m; sourceTree = "<group>"; };
		97EE540B1A7D6B6B00018DFC /* GameScene.h */ = {isa = PBXFileReference; lastKnownFileType = sourcecode.c.h; path = GameScene.h; sourceTree = "<group>"; };
		97EE540C1A7D6B6B00018DFC /* GameScene.m */ = {isa = PBXFileReference; lastKnownFileType = sourcecode.c.objc; path = GameScene.m; sourceTree = "<group>"; };
		97EE540E1A7D6B6B00018DFC /* GameScene.sks */ = {isa = PBXFileReference; lastKnownFileType = file.sks; path = GameScene.sks; sourceTree = "<group>"; };
		97EE54101A7D6B6B00018DFC /* GameViewController.h */ = {isa = PBXFileReference; lastKnownFileType = sourcecode.c.h; path = GameViewController.h; sourceTree = "<group>"; };
		97EE54111A7D6B6B00018DFC /* GameViewController.m */ = {isa = PBXFileReference; lastKnownFileType = sourcecode.c.objc; path = GameViewController.m; sourceTree = "<group>"; };
		97EE54141A7D6B6B00018DFC /* Base */ = {isa = PBXFileReference; lastKnownFileType = file.storyboard; name = Base; path = Base.lproj/Main.storyboard; sourceTree = "<group>"; };
		97EE54161A7D6B6B00018DFC /* Images.xcassets */ = {isa = PBXFileReference; lastKnownFileType = folder.assetcatalog; path = Images.xcassets; sourceTree = "<group>"; };
		97EE54191A7D6B6B00018DFC /* Base */ = {isa = PBXFileReference; lastKnownFileType = file.xib; name = Base; path = Base.lproj/LaunchScreen.xib; sourceTree = "<group>"; };
		97EE541F1A7D6B6C00018DFC /* SpaceshipTests.xctest */ = {isa = PBXFileReference; explicitFileType = wrapper.cfbundle; includeInIndex = 0; path = SpaceshipTests.xctest; sourceTree = BUILT_PRODUCTS_DIR; };
		97EE54241A7D6B6C00018DFC /* Info.plist */ = {isa = PBXFileReference; lastKnownFileType = text.plist.xml; path = Info.plist; sourceTree = "<group>"; };
		97EE54251A7D6B6C00018DFC /* SpaceshipTests.m */ = {isa = PBXFileReference; lastKnownFileType = sourcecode.c.objc; path = SpaceshipTests.m; sourceTree = "<group>"; };
/* End PBXFileReference section */

/* Begin PBXFrameworksBuildPhase section */
		97EE53FE1A7D6B6B00018DFC /* Frameworks */ = {
			isa = PBXFrameworksBuildPhase;
			buildActionMask = 2147483647;
			files = (
			);
			runOnlyForDeploymentPostprocessing = 0;
		};
		97EE541C1A7D6B6C00018DFC /* Frameworks */ = {
			isa = PBXFrameworksBuildPhase;
			buildActionMask = 2147483647;
			files = (
			);
			runOnlyForDeploymentPostprocessing = 0;
		};
/* End PBXFrameworksBuildPhase section */

/* Begin PBXGroup section */
		97EE53F81A7D6B6B00018DFC = {
			isa = PBXGroup;
			children = (
				97EE54031A7D6B6B00018DFC /* Spaceship */,
				97EE54221A7D6B6C00018DFC /* SpaceshipTests */,
				97EE54021A7D6B6B00018DFC /* Products */,
			);
			sourceTree = "<group>";
		};
		97EE54021A7D6B6B00018DFC /* Products */ = {
			isa = PBXGroup;
			children = (
				97EE54011A7D6B6B00018DFC /* Spaceship.app */,
				97EE541F1A7D6B6C00018DFC /* SpaceshipTests.xctest */,
			);
			name = Products;
			sourceTree = "<group>";
		};
		97EE54031A7D6B6B00018DFC /* Spaceship */ = {
			isa = PBXGroup;
			children = (
				97EE54081A7D6B6B00018DFC /* AppDelegate.h */,
				97EE54091A7D6B6B00018DFC /* AppDelegate.m */,
				97EE540B1A7D6B6B00018DFC /* GameScene.h */,
				97EE540C1A7D6B6B00018DFC /* GameScene.m */,
				9746946E1A7D87D300011A07 /* GameOver.h */,
				9746946F1A7D87D300011A07 /* GameOver.m */,
				97EE540E1A7D6B6B00018DFC /* GameScene.sks */,
				97EE54101A7D6B6B00018DFC /* GameViewController.h */,
				97EE54111A7D6B6B00018DFC /* GameViewController.m */,
				97EE54131A7D6B6B00018DFC /* Main.storyboard */,
				97EE54161A7D6B6B00018DFC /* Images.xcassets */,
				97EE54181A7D6B6B00018DFC /* LaunchScreen.xib */,
				97EE54041A7D6B6B00018DFC /* Supporting Files */,
			);
			path = Spaceship;
			sourceTree = "<group>";
		};
		97EE54041A7D6B6B00018DFC /* Supporting Files */ = {
			isa = PBXGroup;
			children = (
				97EE54051A7D6B6B00018DFC /* Info.plist */,
				97EE54061A7D6B6B00018DFC /* main.m */,
			);
			name = "Supporting Files";
			sourceTree = "<group>";
		};
		97EE54221A7D6B6C00018DFC /* SpaceshipTests */ = {
			isa = PBXGroup;
			children = (
				97EE54251A7D6B6C00018DFC /* SpaceshipTests.m */,
				97EE54231A7D6B6C00018DFC /* Supporting Files */,
			);
			path = SpaceshipTests;
			sourceTree = "<group>";
		};
		97EE54231A7D6B6C00018DFC /* Supporting Files */ = {
			isa = PBXGroup;
			children = (
				97EE54241A7D6B6C00018DFC /* Info.plist */,
			);
			name = "Supporting Files";
			sourceTree = "<group>";
		};
/* End PBXGroup section */

/* Begin PBXNativeTarget section */
		97EE54001A7D6B6B00018DFC /* Spaceship */ = {
			isa = PBXNativeTarget;
			buildConfigurationList = 97EE54291A7D6B6C00018DFC /* Build configuration list for PBXNativeTarget "Spaceship" */;
			buildPhases = (
				97EE53FD1A7D6B6B00018DFC /* Sources */,
				97EE53FE1A7D6B6B00018DFC /* Frameworks */,
				97EE53FF1A7D6B6B00018DFC /* Resources */,
			);
			buildRules = (
			);
			dependencies = (
			);
			name = Spaceship;
			productName = Spaceship;
			productReference = 97EE54011A7D6B6B00018DFC /* Spaceship.app */;
			productType = "com.apple.product-type.application";
		};
		97EE541E1A7D6B6C00018DFC /* SpaceshipTests */ = {
			isa = PBXNativeTarget;
			buildConfigurationList = 97EE542C1A7D6B6C00018DFC /* Build configuration list for PBXNativeTarget "SpaceshipTests" */;
			buildPhases = (
				97EE541B1A7D6B6C00018DFC /* Sources */,
				97EE541C1A7D6B6C00018DFC /* Frameworks */,
				97EE541D1A7D6B6C00018DFC /* Resources */,
			);
			buildRules = (
			);
			dependencies = (
				97EE54211A7D6B6C00018DFC /* PBXTargetDependency */,
			);
			name = SpaceshipTests;
			productName = SpaceshipTests;
			productReference = 97EE541F1A7D6B6C00018DFC /* SpaceshipTests.xctest */;
			productType = "com.apple.product-type.bundle.unit-test";
		};
/* End PBXNativeTarget section */

/* Begin PBXProject section */
		97EE53F91A7D6B6B00018DFC /* Project object */ = {
			isa = PBXProject;
			attributes = {
				LastUpgradeCheck = 0610;
				ORGANIZATIONNAME = "Rich Pellosie";
				TargetAttributes = {
					97EE54001A7D6B6B00018DFC = {
						CreatedOnToolsVersion = 6.1.1;
						DevelopmentTeam = 4V7X97W4ZG;
					};
					97EE541E1A7D6B6C00018DFC = {
						CreatedOnToolsVersion = 6.1.1;
						TestTargetID = 97EE54001A7D6B6B00018DFC;
					};
				};
			};
			buildConfigurationList = 97EE53FC1A7D6B6B00018DFC /* Build configuration list for PBXProject "Spaceship" */;
			compatibilityVersion = "Xcode 3.2";
			developmentRegion = English;
			hasScannedForEncodings = 0;
			knownRegions = (
				en,
				Base,
			);
			mainGroup = 97EE53F81A7D6B6B00018DFC;
			productRefGroup = 97EE54021A7D6B6B00018DFC /* Products */;
			projectDirPath = "";
			projectRoot = "";
			targets = (
				97EE54001A7D6B6B00018DFC /* Spaceship */,
				97EE541E1A7D6B6C00018DFC /* SpaceshipTests */,
			);
		};
/* End PBXProject section */

/* Begin PBXResourcesBuildPhase section */
		97EE53FF1A7D6B6B00018DFC /* Resources */ = {
			isa = PBXResourcesBuildPhase;
			buildActionMask = 2147483647;
			files = (
				97EE541A1A7D6B6B00018DFC /* LaunchScreen.xib in Resources */,
				97EE54171A7D6B6B00018DFC /* Images.xcassets in Resources */,
				97EE540F1A7D6B6B00018DFC /* GameScene.sks in Resources */,
				97EE54151A7D6B6B00018DFC /* Main.storyboard in Resources */,
			);
			runOnlyForDeploymentPostprocessing = 0;
		};
		97EE541D1A7D6B6C00018DFC /* Resources */ = {
			isa = PBXResourcesBuildPhase;
			buildActionMask = 2147483647;
			files = (
			);
			runOnlyForDeploymentPostprocessing = 0;
		};
/* End PBXResourcesBuildPhase section */

/* Begin PBXSourcesBuildPhase section */
		97EE53FD1A7D6B6B00018DFC /* Sources */ = {
			isa = PBXSourcesBuildPhase;
			buildActionMask = 2147483647;
			files = (
				97EE54121A7D6B6B00018DFC /* GameViewController.m in Sources */,
				974694701A7D87D300011A07 /* GameOver.m in Sources */,
				97EE540A1A7D6B6B00018DFC /* AppDelegate.m in Sources */,
				97EE540D1A7D6B6B00018DFC /* GameScene.m in Sources */,
				97EE54071A7D6B6B00018DFC /* main.m in Sources */,
			);
			runOnlyForDeploymentPostprocessing = 0;
		};
		97EE541B1A7D6B6C00018DFC /* Sources */ = {
			isa = PBXSourcesBuildPhase;
			buildActionMask = 2147483647;
			files = (
				97EE54261A7D6B6C00018DFC /* SpaceshipTests.m in Sources */,
			);
			runOnlyForDeploymentPostprocessing = 0;
		};
/* End PBXSourcesBuildPhase section */

/* Begin PBXTargetDependency section */
		97EE54211A7D6B6C00018DFC /* PBXTargetDependency */ = {
			isa = PBXTargetDependency;
			target = 97EE54001A7D6B6B00018DFC /* Spaceship */;
			targetProxy = 97EE54201A7D6B6C00018DFC /* PBXContainerItemProxy */;
		};
/* End PBXTargetDependency section */

/* Begin PBXVariantGroup section */
		97EE54131A7D6B6B00018DFC /* Main.storyboard */ = {
			isa = PBXVariantGroup;
			children = (
				97EE54141A7D6B6B00018DFC /* Base */,
			);
			name = Main.storyboard;
			sourceTree = "<group>";
		};
		97EE54181A7D6B6B00018DFC /* LaunchScreen.xib */ = {
			isa = PBXVariantGroup;
			children = (
				97EE54191A7D6B6B00018DFC /* Base */,
			);
			name = LaunchScreen.xib;
			sourceTree = "<group>";
		};
/* End PBXVariantGroup section */

/* Begin XCBuildConfiguration section */
		97EE54271A7D6B6C00018DFC /* Debug */ = {
			isa = XCBuildConfiguration;
			buildSettings = {
				ALWAYS_SEARCH_USER_PATHS = NO;
				CLANG_CXX_LANGUAGE_STANDARD = "gnu++0x";
				CLANG_CXX_LIBRARY = "libc++";
				CLANG_ENABLE_MODULES = YES;
				CLANG_ENABLE_OBJC_ARC = YES;
				CLANG_WARN_BOOL_CONVERSION = YES;
				CLANG_WARN_CONSTANT_CONVERSION = YES;
				CLANG_WARN_DIRECT_OBJC_ISA_USAGE = YES_ERROR;
				CLANG_WARN_EMPTY_BODY = YES;
				CLANG_WARN_ENUM_CONVERSION = YES;
				CLANG_WARN_INT_CONVERSION = YES;
				CLANG_WARN_OBJC_ROOT_CLASS = YES_ERROR;
				CLANG_WARN_UNREACHABLE_CODE = YES;
				CLANG_WARN__DUPLICATE_METHOD_MATCH = YES;
				"CODE_SIGN_IDENTITY[sdk=iphoneos*]" = "iPhone Developer";
				COPY_PHASE_STRIP = NO;
				ENABLE_STRICT_OBJC_MSGSEND = YES;
				GCC_C_LANGUAGE_STANDARD = gnu99;
				GCC_DYNAMIC_NO_PIC = NO;
				GCC_OPTIMIZATION_LEVEL = 0;
				GCC_PREPROCESSOR_DEFINITIONS = (
					"DEBUG=1",
					"$(inherited)",
				);
				GCC_SYMBOLS_PRIVATE_EXTERN = NO;
				GCC_WARN_64_TO_32_BIT_CONVERSION = YES;
				GCC_WARN_ABOUT_RETURN_TYPE = YES_ERROR;
				GCC_WARN_UNDECLARED_SELECTOR = YES;
				GCC_WARN_UNINITIALIZED_AUTOS = YES_AGGRESSIVE;
				GCC_WARN_UNUSED_FUNCTION = YES;
				GCC_WARN_UNUSED_VARIABLE = YES;
				IPHONEOS_DEPLOYMENT_TARGET = 8.1;
				MTL_ENABLE_DEBUG_INFO = YES;
				ONLY_ACTIVE_ARCH = YES;
				SDKROOT = iphoneos;
			};
			name = Debug;
		};
		97EE54281A7D6B6C00018DFC /* Release */ = {
			isa = XCBuildConfiguration;
			buildSettings = {
				ALWAYS_SEARCH_USER_PATHS = NO;
				CLANG_CXX_LANGUAGE_STANDARD = "gnu++0x";
				CLANG_CXX_LIBRARY = "libc++";
				CLANG_ENABLE_MODULES = YES;
				CLANG_ENABLE_OBJC_ARC = YES;
				CLANG_WARN_BOOL_CONVERSION = YES;
				CLANG_WARN_CONSTANT_CONVERSION = YES;
				CLANG_WARN_DIRECT_OBJC_ISA_USAGE = YES_ERROR;
				CLANG_WARN_EMPTY_BODY = YES;
				CLANG_WARN_ENUM_CONVERSION = YES;
				CLANG_WARN_INT_CONVERSION = YES;
				CLANG_WARN_OBJC_ROOT_CLASS = YES_ERROR;
				CLANG_WARN_UNREACHABLE_CODE = YES;
				CLANG_WARN__DUPLICATE_METHOD_MATCH = YES;
				"CODE_SIGN_IDENTITY[sdk=iphoneos*]" = "iPhone Developer";
				COPY_PHASE_STRIP = YES;
				ENABLE_NS_ASSERTIONS = NO;
				ENABLE_STRICT_OBJC_MSGSEND = YES;
				GCC_C_LANGUAGE_STANDARD = gnu99;
				GCC_WARN_64_TO_32_BIT_CONVERSION = YES;
				GCC_WARN_ABOUT_RETURN_TYPE = YES_ERROR;
				GCC_WARN_UNDECLARED_SELECTOR = YES;
				GCC_WARN_UNINITIALIZED_AUTOS = YES_AGGRESSIVE;
				GCC_WARN_UNUSED_FUNCTION = YES;
				GCC_WARN_UNUSED_VARIABLE = YES;
				IPHONEOS_DEPLOYMENT_TARGET = 8.1;
				MTL_ENABLE_DEBUG_INFO = NO;
				SDKROOT = iphoneos;
				VALIDATE_PRODUCT = YES;
			};
			name = Release;
		};
		97EE542A1A7D6B6C00018DFC /* Debug */ = {
			isa = XCBuildConfiguration;
			buildSettings = {
				ASSETCATALOG_COMPILER_APPICON_NAME = AppIcon;
				CODE_SIGN_IDENTITY = "iPhone Developer";
				INFOPLIST_FILE = Spaceship/Info.plist;
				LD_RUNPATH_SEARCH_PATHS = "$(inherited) @executable_path/Frameworks";
				PRODUCT_NAME = "$(TARGET_NAME)";
			};
			name = Debug;
		};
		97EE542B1A7D6B6C00018DFC /* Release */ = {
			isa = XCBuildConfiguration;
			buildSettings = {
				ASSETCATALOG_COMPILER_APPICON_NAME = AppIcon;
				CODE_SIGN_IDENTITY = "iPhone Developer";
				INFOPLIST_FILE = Spaceship/Info.plist;
				LD_RUNPATH_SEARCH_PATHS = "$(inherited) @executable_path/Frameworks";
				PRODUCT_NAME = "$(TARGET_NAME)";
			};
			name = Release;
		};
		97EE542D1A7D6B6C00018DFC /* Debug */ = {
			isa = XCBuildConfiguration;
			buildSettings = {
				BUNDLE_LOADER = "$(TEST_HOST)";
				FRAMEWORK_SEARCH_PATHS = (
					"$(SDKROOT)/Developer/Library/Frameworks",
					"$(inherited)",
				);
				GCC_PREPROCESSOR_DEFINITIONS = (
					"DEBUG=1",
					"$(inherited)",
				);
				INFOPLIST_FILE = SpaceshipTests/Info.plist;
				LD_RUNPATH_SEARCH_PATHS = "$(inherited) @executable_path/Frameworks @loader_path/Frameworks";
				PRODUCT_NAME = "$(TARGET_NAME)";
				TEST_HOST = "$(BUILT_PRODUCTS_DIR)/Spaceship.app/Spaceship";
			};
			name = Debug;
		};
		97EE542E1A7D6B6C00018DFC /* Release */ = {
			isa = XCBuildConfiguration;
			buildSettings = {
				BUNDLE_LOADER = "$(TEST_HOST)";
				FRAMEWORK_SEARCH_PATHS = (
					"$(SDKROOT)/Developer/Library/Frameworks",
					"$(inherited)",
				);
				INFOPLIST_FILE = SpaceshipTests/Info.plist;
				LD_RUNPATH_SEARCH_PATHS = "$(inherited) @executable_path/Frameworks @loader_path/Frameworks";
				PRODUCT_NAME = "$(TARGET_NAME)";
				TEST_HOST = "$(BUILT_PRODUCTS_DIR)/Spaceship.app/Spaceship";
			};
			name = Release;
		};
/* End XCBuildConfiguration section */

/* Begin XCConfigurationList section */
		97EE53FC1A7D6B6B00018DFC /* Build configuration list for PBXProject "Spaceship" */ = {
			isa = XCConfigurationList;
			buildConfigurations = (
				97EE54271A7D6B6C00018DFC /* Debug */,
				97EE54281A7D6B6C00018DFC /* Release */,
			);
			defaultConfigurationIsVisible = 0;
			defaultConfigurationName = Release;
		};
		97EE54291A7D6B6C00018DFC /* Build configuration list for PBXNativeTarget "Spaceship" */ = {
			isa = XCConfigurationList;
			buildConfigurations = (
				97EE542A1A7D6B6C00018DFC /* Debug */,
				97EE542B1A7D6B6C00018DFC /* Release */,
			);
			defaultConfigurationIsVisible = 0;
			defaultConfigurationName = Release;
		};
		97EE542C1A7D6B6C00018DFC /* Build configuration list for PBXNativeTarget "SpaceshipTests" */ = {
			isa = XCConfigurationList;
			buildConfigurations = (
				97EE542D1A7D6B6C00018DFC /* Debug */,
				97EE542E1A7D6B6C00018DFC /* Release */,
			);
			defaultConfigurationIsVisible = 0;
			defaultConfigurationName = Release;
		};
/* End XCConfigurationList section */
	};
	rootObject = 97EE53F91A7D6B6B00018DFC /* Project object */;
}
